langcode: en
status: true
dependencies:
  config:
    - block_content.type.social_media
    - field.storage.node.field_social_media_block
    - node.type.topic
id: node.topic.field_social_media_block
field_name: field_social_media_block
entity_type: node
bundle: topic
label: 'On social media'
description: ''
required: false
translatable: false
default_value: {  }
default_value_callback: ''
settings:
  handler: 'default:block_content'
  handler_settings:
    target_bundles:
      social_media: social_media
    sort:
      field: _none
      direction: ASC
    auto_create: false
    auto_create_bundle: ''
field_type: entity_reference
