langcode: en
status: true
dependencies:
  module:
    - wxt_ext_archived
  theme:
    - wxt_bootstrap
id: archivedblock
theme: wxt_bootstrap
region: content
weight: -12
provider: null
plugin: wxt_archived_block
settings:
  id: wxt_archived_block
  label: 'Archived block'
  provider: wxt_ext_archived
  label_display: '0'
  archived_text: 'Information identified as archived is provided for reference, research or recordkeeping purposes. It is not subject to the Government of Canada Web Standards and has not been altered or updated since it was archived. Please contact us to request a format other than those available.'
  archived_title: 'This page has been archived on the Web'
visibility:
  wxt_is_archived:
    id: wxt_is_archived
    enable_archived: 1
    negate: false
    context_mapping:
      node: '@node.node_route_context:node'
